
Microsoft Visual Studio Solution File, Format Version 12.00
# Visual Studio Version 16
VisualStudioVersion = 16.0.30204.135
MinimumVisualStudioVersion = 10.0.40219.1
Project("{9A19103F-16F7-4668-BE54-9A1E7A4F7556}") = "Garage", "Garage\Garage.csproj", "{B6742BB1-16CF-4BFD-BD05-6E7EDC4250C0}"
EndProject
Project("{9A19103F-16F7-4668-BE54-9A1E7A4F7556}") = "Data", "Data\Data.csproj", "{99C306AE-C818-4DF8-BD1C-892647A07503}"
EndProject
Project("{9A19103F-16F7-4668-BE54-9A1E7A4F7556}") = "Services", "Services\Services.csproj", "{DACA83CD-7BAE-4697-A012-6101DA7560E6}"
EndProject
Project("{2150E333-8FDC-42A3-9474-1A3956D46DE8}") = "SolutionFiles", "SolutionFiles", "{D5B5C3D0-9194-411E-B523-F12F794A95D9}"
	ProjectSection(SolutionItems) = preProject
		.gitignore = .gitignore
		Patika_felvételi_Diagram.drawio = Patika_felvételi_Diagram.drawio
		Patika_felvételi_plus_DBMap.docx = Patika_felvételi_plus_DBMap.docx
		README.md = README.md
	EndProjectSection
EndProject
Global
	GlobalSection(SolutionConfigurationPlatforms) = preSolution
		Debug|Any CPU = Debug|Any CPU
		Release|Any CPU = Release|Any CPU
	EndGlobalSection
	GlobalSection(ProjectConfigurationPlatforms) = postSolution
		{B6742BB1-16CF-4BFD-BD05-6E7EDC4250C0}.Debug|Any CPU.ActiveCfg = Debug|Any CPU
		{B6742BB1-16CF-4BFD-BD05-6E7EDC4250C0}.Debug|Any CPU.Build.0 = Debug|Any CPU
		{B6742BB1-16CF-4BFD-BD05-6E7EDC4250C0}.Release|Any CPU.ActiveCfg = Release|Any CPU
		{B6742BB1-16CF-4BFD-BD05-6E7EDC4250C0}.Release|Any CPU.Build.0 = Release|Any CPU
		{99C306AE-C818-4DF8-BD1C-892647A07503}.Debug|Any CPU.ActiveCfg = Debug|Any CPU
		{99C306AE-C818-4DF8-BD1C-892647A07503}.Debug|Any CPU.Build.0 = Debug|Any CPU
		{99C306AE-C818-4DF8-BD1C-892647A07503}.Release|Any CPU.ActiveCfg = Release|Any CPU
		{99C306AE-C818-4DF8-BD1C-892647A07503}.Release|Any CPU.Build.0 = Release|Any CPU
		{DACA83CD-7BAE-4697-A012-6101DA7560E6}.Debug|Any CPU.ActiveCfg = Debug|Any CPU
		{DACA83CD-7BAE-4697-A012-6101DA7560E6}.Debug|Any CPU.Build.0 = Debug|Any CPU
		{DACA83CD-7BAE-4697-A012-6101DA7560E6}.Release|Any CPU.ActiveCfg = Release|Any CPU
		{DACA83CD-7BAE-4697-A012-6101DA7560E6}.Release|Any CPU.Build.0 = Release|Any CPU
	EndGlobalSection
	GlobalSection(SolutionProperties) = preSolution
		HideSolutionNode = FALSE
	EndGlobalSection
	GlobalSection(ExtensibilityGlobals) = postSolution
		SolutionGuid = {2CA063AF-7A64-4BD3-A38D-47E530868B2F}
	EndGlobalSection
EndGlobal
